
Microsoft Visual Studio Solution File, Format Version 12.00
# Visual Studio Version 17
VisualStudioVersion = 17.13.35825.156 d17.13
MinimumVisualStudioVersion = 10.0.40219.1
Project("{FAE04EC0-301F-11D3-BF4B-00C04F79EFBC}") = "Taller03", "Taller03\Taller03.csproj", "{E114DDE3-B99C-4B1C-9E80-AE948CD3EFB5}"
EndProject
Global
	GlobalSection(SolutionConfigurationPlatforms) = preSolution
		Debug|Any CPU = Debug|Any CPU
		Release|Any CPU = Release|Any CPU
	EndGlobalSection
	GlobalSection(ProjectConfigurationPlatforms) = postSolution
		{E114DDE3-B99C-4B1C-9E80-AE948CD3EFB5}.Debug|Any CPU.ActiveCfg = Debug|Any CPU
		{E114DDE3-B99C-4B1C-9E80-AE948CD3EFB5}.Debug|Any CPU.Build.0 = Debug|Any CPU
		{E114DDE3-B99C-4B1C-9E80-AE948CD3EFB5}.Release|Any CPU.ActiveCfg = Release|Any CPU
		{E114DDE3-B99C-4B1C-9E80-AE948CD3EFB5}.Release|Any CPU.Build.0 = Release|Any CPU
	EndGlobalSection
	GlobalSection(SolutionProperties) = preSolution
		HideSolutionNode = FALSE
	EndGlobalSection
	GlobalSection(ExtensibilityGlobals) = postSolution
		SolutionGuid = {2998D2D7-C694-407B-88F6-BE5D6FFFCF04}
	EndGlobalSection
EndGlobal
